Microsoft Visual Studio Solution File, Format Version 12.00
# Visual Studio Version 17
VisualStudioVersion = 17.5.2.0
MinimumVisualStudioVersion = 10.0.40219.1
Project("{FAE04EC0-301F-11D3-BF4B-00C04F79EFBC}") = "BurgerApi.Tests", "BurgerApi.Tests.csproj", "{4B7CCBFA-9E84-C0DB-1DE7-A31F2B968CD3}"
EndProject
Global
	GlobalSection(SolutionConfigurationPlatforms) = preSolution
		Debug|Any CPU = Debug|Any CPU
		Release|Any CPU = Release|Any CPU
	EndGlobalSection
	GlobalSection(ProjectConfigurationPlatforms) = postSolution
		{4B7CCBFA-9E84-C0DB-1DE7-A31F2B968CD3}.Debug|Any CPU.ActiveCfg = Debug|Any CPU
		{4B7CCBFA-9E84-C0DB-1DE7-A31F2B968CD3}.Debug|Any CPU.Build.0 = Debug|Any CPU
		{4B7CCBFA-9E84-C0DB-1DE7-A31F2B968CD3}.Release|Any CPU.ActiveCfg = Release|Any CPU
		{4B7CCBFA-9E84-C0DB-1DE7-A31F2B968CD3}.Release|Any CPU.Build.0 = Release|Any CPU
	EndGlobalSection
	GlobalSection(SolutionProperties) = preSolution
		HideSolutionNode = FALSE
	EndGlobalSection
	GlobalSection(ExtensibilityGlobals) = postSolution
		SolutionGuid = {4E569CD1-5B5B-4B6C-B8E0-38F9C8758E39}
	EndGlobalSection
EndGlobal
